
Microsoft Visual Studio Solution File, Format Version 12.00
Project("{FAE04EC0-301F-11D3-BF4B-00C04F79EFBC}") = "user_management_microservice", "user_management_microservice.csproj", "{74CF2C98-7D40-4ADD-8238-CF3F93476568}"
EndProject
Project("{2150E333-8FDC-42A3-9474-1A3956D46DE8}") = "Solution Items", "Solution Items", "{C8C19EC4-D341-42B8-A4B4-3949EA2B64C0}"
	ProjectSection(SolutionItems) = preProject
		compose.yaml = compose.yaml
	EndProjectSection
EndProject
Global
	GlobalSection(SolutionConfigurationPlatforms) = preSolution
		Debug|Any CPU = Debug|Any CPU
		Release|Any CPU = Release|Any CPU
	EndGlobalSection
	GlobalSection(ProjectConfigurationPlatforms) = postSolution
		{74CF2C98-7D40-4ADD-8238-CF3F93476568}.Debug|Any CPU.ActiveCfg = Debug|Any CPU
		{74CF2C98-7D40-4ADD-8238-CF3F93476568}.Debug|Any CPU.Build.0 = Debug|Any CPU
		{74CF2C98-7D40-4ADD-8238-CF3F93476568}.Release|Any CPU.ActiveCfg = Release|Any CPU
		{74CF2C98-7D40-4ADD-8238-CF3F93476568}.Release|Any CPU.Build.0 = Release|Any CPU
	EndGlobalSection
EndGlobal
